{
  "meteor": {},
  "dependencies": {
    "basePackages": {
      "bootstrap3-less": {},
      "ionicons": {},
      "font-awesome-4.1.0": {},
      "accounts-ui-bootstrap-3": {},
      "bootboxjs": {}
    },
    "packages": {
      "bootstrap3-less": {
        "git": "https://github.com/eprochasson/bootstrap3-less",
        "tag": "v0.1.9",
        "commit": "5c812c4d7ce72917a065f0424c3cf54e5ff2d16a"
      },
      "ionicons": {
        "git": "https://github.com/Pagebakers/meteor-ionicons.git",
        "tag": "v1.4.1",
        "commit": "c3c07eba87d42ef900c9c61323ce4499bdce3204"
      },
      "font-awesome-4.1.0": {
        "git": "https://github.com/miguelvalverde/font-awesome-4.1.0.git",
        "tag": "v0.0.1",
        "commit": "2a84395252f4bee953878baa87b7a8bdc172a34c"
      },
      "accounts-ui-bootstrap-3": {
        "git": "https://github.com/mangasocial/meteor-accounts-ui-bootstrap-3.git",
        "tag": "v0.3.0-1",
        "commit": "93ffa5d0e325dc7026de89f6d90c178fa04bdd3a"
      },
      "bootboxjs": {
        "git": "https://github.com/TimHeckel/meteor-bootboxjs.git",
        "tag": "v4.2.0",
        "commit": "2b7d18ad028d9e7b37238ecf2a8a7970735cebd1"
      },
      "bootstrap-3": {
        "git": "https://github.com/mangasocial/meteor-bootstrap-3.git",
        "tag": "v3.1.1-1",
        "commit": "63dd38968828bb8963636df93e9a1c45e2dfe67e"
      }
    }
  }
}
